// !$*UTF8*$!
{
	archiveVersion = 1;
	classes = {
	};
	objectVersion = 54;
	objects = {

/* Begin PBXBuildFile section */
		089C02C904062322F719CDFA4F74C591 /* samplerate.h in Headers */ = {isa = PBXBuildFile; fileRef = 8F6DF462E9499FB6A6C856B166FC6AFC /* samplerate.h */; settings = {ATTRIBUTES = (Public, ); }; };
		179FCD0BE0AE2C73523FD896F5BC7878 /* src_linear.c in Sources */ = {isa = PBXBuildFile; fileRef = B3D47ACCE5A93F19E797B7C56493E53F /* src_linear.c */; };
		270CB759BBE87392695DDF9D8E519307 /* src_sinc.c in Sources */ = {isa = PBXBuildFile; fileRef = 2C6078A9B5608AC684A9CE48A7452AB2 /* src_sinc.c */; };
		2A323C005B3BB6DACFBF941945EFD6D3 /* mid_qual_coeffs.h in Headers */ = {isa = PBXBuildFile; fileRef = 5EEC9E5FD16AEA8ACF22DC28AC9CD410 /* mid_qual_coeffs.h */; settings = {ATTRIBUTES = (Private, ); }; };
		32A98DEFA13742EADC10F20FCE0C54FC /* Foundation.framework in Frameworks */ = {isa = PBXBuildFile; fileRef = 73010CC983E3809BECEE5348DA1BB8C6 /* Foundation.framework */; };
		4660EA088D8DD1E2B7B81CBAE8F61B40 /* src_zoh.c in Sources */ = {isa = PBXBuildFile; fileRef = A605B1DB710449D3449556732FE7A5F0 /* src_zoh.c */; };
		51B93B2A7F2A5C49A57D2642D2A87E53 /* fastest_coeffs.h in Headers */ = {isa = PBXBuildFile; fileRef = 97A5EE97B7D392E912BD81D2ABB4FFB4 /* fastest_coeffs.h */; settings = {ATTRIBUTES = (Private, ); }; };
		5F2F7F67EC79959A367695849659BFF9 /* Pods-VoiceAnalyzer-dummy.m in Sources */ = {isa = PBXBuildFile; fileRef = 98745E582282C03F1DC6C0E6978C9353 /* Pods-VoiceAnalyzer-dummy.m */; };
		648C61D7B383CA1611D415696EC522A1 /* libsamplerate-dummy.m in Sources */ = {isa = PBXBuildFile; fileRef = 42B3832425B436D0FAAAD0F5926FF7D3 /* libsamplerate-dummy.m */; };
		6F0C53CAE3D10BBA267C706A12E42AE0 /* samplerate.c in Sources */ = {isa = PBXBuildFile; fileRef = 146F3B8E8F8FC372E2F97AB1C24F2F4D /* samplerate.c */; };
		7AF436231A9F0D30E0D0EBA88CFE7D99 /* libsamplerate-umbrella.h in Headers */ = {isa = PBXBuildFile; fileRef = 61A0ED385572B6B6F71E5BC1C9458413 /* libsamplerate-umbrella.h */; settings = {ATTRIBUTES = (Public, ); }; };
		8AFA6DE7979A897650E87501B7ACA4AC /* high_qual_coeffs.h in Headers */ = {isa = PBXBuildFile; fileRef = 9643237E0CC92735BF9C3F87F878A899 /* high_qual_coeffs.h */; settings = {ATTRIBUTES = (Private, ); }; };
		9DAEBCB40F73B143BD0207F66BAA0F69 /* Foundation.framework in Frameworks */ = {isa = PBXBuildFile; fileRef = 73010CC983E3809BECEE5348DA1BB8C6 /* Foundation.framework */; };
		B5FBBE8C31A0FA8AA4A4BE7A4C5C745E /* Pods-VoiceAnalyzer-umbrella.h in Headers */ = {isa = PBXBuildFile; fileRef = 05EBF10BB0DEC9030F1E3F5F5F7B1F9C /* Pods-VoiceAnalyzer-umbrella.h */; settings = {ATTRIBUTES = (Public, ); }; };
		B75C473839665703FBDD627D1A6DC38B /* common.h in Headers */ = {isa = PBXBuildFile; fileRef = 46A7FFA173D8D8E5E0417C6D02247B88 /* common.h */; settings = {ATTRIBUTES = (Private, ); }; };
		BB6327A7DC5EEAD591B6E037A35A8F39 /* float_cast.h in Headers */ = {isa = PBXBuildFile; fileRef = D0B69252321C551C46595183328B075A /* float_cast.h */; settings = {ATTRIBUTES = (Private, ); }; };
		C31C6F1909CF63179D835FEA59D744E2 /* config.h in Headers */ = {isa = PBXBuildFile; fileRef = 2D550546273F0A7D686D11B5D5CE1021 /* config.h */; settings = {ATTRIBUTES = (Private, ); }; };
/* End PBXBuildFile section */

/* Begin PBXContainerItemProxy section */
		819331C82D0B032E18342F4AE674AEC8 /* PBXContainerItemProxy */ = {
			isa = PBXContainerItemProxy;
			containerPortal = BFDFE7DC352907FC980B868725387E98 /* Project object */;
			proxyType = 1;
			remoteGlobalIDString = 75302EEA721A2F13B9FC601E246AC2E5;
			remoteInfo = libsamplerate;
		};
/* End PBXContainerItemProxy section */

/* Begin PBXFileReference section */
		05EBF10BB0DEC9030F1E3F5F5F7B1F9C /* Pods-VoiceAnalyzer-umbrella.h */ = {isa = PBXFileReference; includeInIndex = 1; lastKnownFileType = sourcecode.c.h; path = "Pods-VoiceAnalyzer-umbrella.h"; sourceTree = "<group>"; };
		146F3B8E8F8FC372E2F97AB1C24F2F4D /* samplerate.c */ = {isa = PBXFileReference; includeInIndex = 1; name = samplerate.c; path = libsamplerate/samplerate.c; sourceTree = "<group>"; };
		246F946498CCCA1CCACB5304468AE7AA /* libsamplerate-Info.plist */ = {isa = PBXFileReference; includeInIndex = 1; lastKnownFileType = text.plist.xml; path = "libsamplerate-Info.plist"; sourceTree = "<group>"; };
		2C6078A9B5608AC684A9CE48A7452AB2 /* src_sinc.c */ = {isa = PBXFileReference; includeInIndex = 1; name = src_sinc.c; path = libsamplerate/src_sinc.c; sourceTree = "<group>"; };
		2D550546273F0A7D686D11B5D5CE1021 /* config.h */ = {isa = PBXFileReference; includeInIndex = 1; lastKnownFileType = sourcecode.c.h; name = config.h; path = libsamplerate/config.h; sourceTree = "<group>"; };
		2F40002A3E9A86F46F56E60731D8B3BB /* Pods-VoiceAnalyzer-acknowledgements.plist */ = {isa = PBXFileReference; includeInIndex = 1; lastKnownFileType = text.plist.xml; path = "Pods-VoiceAnalyzer-acknowledgements.plist"; sourceTree = "<group>"; };
		3C728D2F0F692B3108EBD73466AFE338 /* Pods-VoiceAnalyzer-Info.plist */ = {isa = PBXFileReference; includeInIndex = 1; lastKnownFileType = text.plist.xml; path = "Pods-VoiceAnalyzer-Info.plist"; sourceTree = "<group>"; };
		406246555EB090F8CE83F611AC09945C /* Pods-VoiceAnalyzer.app store release.xcconfig */ = {isa = PBXFileReference; includeInIndex = 1; lastKnownFileType = text.xcconfig; path = "Pods-VoiceAnalyzer.app store release.xcconfig"; sourceTree = "<group>"; };
		42B3832425B436D0FAAAD0F5926FF7D3 /* libsamplerate-dummy.m */ = {isa = PBXFileReference; includeInIndex = 1; lastKnownFileType = sourcecode.c.objc; path = "libsamplerate-dummy.m"; sourceTree = "<group>"; };
		46A7FFA173D8D8E5E0417C6D02247B88 /* common.h */ = {isa = PBXFileReference; includeInIndex = 1; lastKnownFileType = sourcecode.c.h; name = common.h; path = libsamplerate/common.h; sourceTree = "<group>"; };
		5EEC9E5FD16AEA8ACF22DC28AC9CD410 /* mid_qual_coeffs.h */ = {isa = PBXFileReference; includeInIndex = 1; lastKnownFileType = sourcecode.c.h; name = mid_qual_coeffs.h; path = libsamplerate/mid_qual_coeffs.h; sourceTree = "<group>"; };
		61A0ED385572B6B6F71E5BC1C9458413 /* libsamplerate-umbrella.h */ = {isa = PBXFileReference; includeInIndex = 1; lastKnownFileType = sourcecode.c.h; path = "libsamplerate-umbrella.h"; sourceTree = "<group>"; };
		623EC44FB3846AF34F1D3695BD1858A2 /* libsamplerate.release.xcconfig */ = {isa = PBXFileReference; includeInIndex = 1; lastKnownFileType = text.xcconfig; path = libsamplerate.release.xcconfig; sourceTree = "<group>"; };
		6447C99A727D5020951F71582A1AABD6 /* Pods-VoiceAnalyzer.testable release.xcconfig */ = {isa = PBXFileReference; includeInIndex = 1; lastKnownFileType = text.xcconfig; path = "Pods-VoiceAnalyzer.testable release.xcconfig"; sourceTree = "<group>"; };
		688655F2923C1635DF478A18D3163FB0 /* libsamplerate.debug.xcconfig */ = {isa = PBXFileReference; includeInIndex = 1; lastKnownFileType = text.xcconfig; path = libsamplerate.debug.xcconfig; sourceTree = "<group>"; };
		6E77A62E27EFC13473D983B83AF6AEDA /* Pods-VoiceAnalyzer-frameworks.sh */ = {isa = PBXFileReference; includeInIndex = 1; lastKnownFileType = text.script.sh; path = "Pods-VoiceAnalyzer-frameworks.sh"; sourceTree = "<group>"; };
		73010CC983E3809BECEE5348DA1BB8C6 /* Foundation.framework */ = {isa = PBXFileReference; lastKnownFileType = wrapper.framework; name = Foundation.framework; path = Platforms/iPhoneOS.platform/Developer/SDKs/iPhoneOS14.0.sdk/System/Library/Frameworks/Foundation.framework; sourceTree = DEVELOPER_DIR; };
		816081D937AA931DDBB6FCE3C6B6871B /* Pods_VoiceAnalyzer.framework */ = {isa = PBXFileReference; explicitFileType = wrapper.framework; includeInIndex = 0; name = Pods_VoiceAnalyzer.framework; path = "Pods-VoiceAnalyzer.framework"; sourceTree = BUILT_PRODUCTS_DIR; };
		82CDDEBE1E34C60F18F55ED20FAFAA01 /* Pods-VoiceAnalyzer.debug.xcconfig */ = {isa = PBXFileReference; includeInIndex = 1; lastKnownFileType = text.xcconfig; path = "Pods-VoiceAnalyzer.debug.xcconfig"; sourceTree = "<group>"; };
		870033DCAF03856B34A18A7EE2EEE4C7 /* libsamplerate.modulemap */ = {isa = PBXFileReference; includeInIndex = 1; lastKnownFileType = sourcecode.module; path = libsamplerate.modulemap; sourceTree = "<group>"; };
		8F6DF462E9499FB6A6C856B166FC6AFC /* samplerate.h */ = {isa = PBXFileReference; includeInIndex = 1; lastKnownFileType = sourcecode.c.h; name = samplerate.h; path = libsamplerate/samplerate.h; sourceTree = "<group>"; };
		9643237E0CC92735BF9C3F87F878A899 /* high_qual_coeffs.h */ = {isa = PBXFileReference; includeInIndex = 1; lastKnownFileType = sourcecode.c.h; name = high_qual_coeffs.h; path = libsamplerate/high_qual_coeffs.h; sourceTree = "<group>"; };
		97A5EE97B7D392E912BD81D2ABB4FFB4 /* fastest_coeffs.h */ = {isa = PBXFileReference; includeInIndex = 1; lastKnownFileType = sourcecode.c.h; name = fastest_coeffs.h; path = libsamplerate/fastest_coeffs.h; sourceTree = "<group>"; };
		98745E582282C03F1DC6C0E6978C9353 /* Pods-VoiceAnalyzer-dummy.m */ = {isa = PBXFileReference; includeInIndex = 1; lastKnownFileType = sourcecode.c.objc; path = "Pods-VoiceAnalyzer-dummy.m"; sourceTree = "<group>"; };
		9989D2580914B8C7AB1F95DC1CF0256C /* Pods-VoiceAnalyzer-acknowledgements.markdown */ = {isa = PBXFileReference; includeInIndex = 1; lastKnownFileType = text; path = "Pods-VoiceAnalyzer-acknowledgements.markdown"; sourceTree = "<group>"; };
		9D940727FF8FB9C785EB98E56350EF41 /* Podfile */ = {isa = PBXFileReference; explicitFileType = text.script.ruby; includeInIndex = 1; indentWidth = 2; lastKnownFileType = text; name = Podfile; path = ../Podfile; sourceTree = SOURCE_ROOT; tabWidth = 2; xcLanguageSpecificationIdentifier = xcode.lang.ruby; };
		A605B1DB710449D3449556732FE7A5F0 /* src_zoh.c */ = {isa = PBXFileReference; includeInIndex = 1; name = src_zoh.c; path = libsamplerate/src_zoh.c; sourceTree = "<group>"; };
		B3D47ACCE5A93F19E797B7C56493E53F /* src_linear.c */ = {isa = PBXFileReference; includeInIndex = 1; name = src_linear.c; path = libsamplerate/src_linear.c; sourceTree = "<group>"; };
		BDF9B198AD76697A32B0A601058AD549 /* libsamplerate-prefix.pch */ = {isa = PBXFileReference; includeInIndex = 1; lastKnownFileType = sourcecode.c.h; path = "libsamplerate-prefix.pch"; sourceTree = "<group>"; };
		D0B69252321C551C46595183328B075A /* float_cast.h */ = {isa = PBXFileReference; includeInIndex = 1; lastKnownFileType = sourcecode.c.h; name = float_cast.h; path = libsamplerate/float_cast.h; sourceTree = "<group>"; };
		D4A4F84CA13E43215906CFB814F91C83 /* Pods-VoiceAnalyzer.modulemap */ = {isa = PBXFileReference; includeInIndex = 1; lastKnownFileType = sourcecode.module; path = "Pods-VoiceAnalyzer.modulemap"; sourceTree = "<group>"; };
		EEF5F89F200FBED43D5142B116076A39 /* libsamplerate.framework */ = {isa = PBXFileReference; explicitFileType = wrapper.framework; includeInIndex = 0; name = libsamplerate.framework; path = libsamplerate.framework; sourceTree = BUILT_PRODUCTS_DIR; };
/* End PBXFileReference section */

/* Begin PBXFrameworksBuildPhase section */
		15C08D9F5216CD59CECB51B15E0DAC1B /* Frameworks */ = {
			isa = PBXFrameworksBuildPhase;
			buildActionMask = 2147483647;
			files = (
				9DAEBCB40F73B143BD0207F66BAA0F69 /* Foundation.framework in Frameworks */,
			);
			runOnlyForDeploymentPostprocessing = 0;
		};
		FF6BEF64D092FA09A9346764CF8DE642 /* Frameworks */ = {
			isa = PBXFrameworksBuildPhase;
			buildActionMask = 2147483647;
			files = (
				32A98DEFA13742EADC10F20FCE0C54FC /* Foundation.framework in Frameworks */,
			);
			runOnlyForDeploymentPostprocessing = 0;
		};
/* End PBXFrameworksBuildPhase section */

/* Begin PBXGroup section */
		39E1DAD3CC75B056E3E678D21ACD929D /* Support Files */ = {
			isa = PBXGroup;
			children = (
				870033DCAF03856B34A18A7EE2EEE4C7 /* libsamplerate.modulemap */,
				42B3832425B436D0FAAAD0F5926FF7D3 /* libsamplerate-dummy.m */,
				246F946498CCCA1CCACB5304468AE7AA /* libsamplerate-Info.plist */,
				BDF9B198AD76697A32B0A601058AD549 /* libsamplerate-prefix.pch */,
				61A0ED385572B6B6F71E5BC1C9458413 /* libsamplerate-umbrella.h */,
				688655F2923C1635DF478A18D3163FB0 /* libsamplerate.debug.xcconfig */,
				623EC44FB3846AF34F1D3695BD1858A2 /* libsamplerate.release.xcconfig */,
			);
			name = "Support Files";
			path = "../Target Support Files/libsamplerate";
			sourceTree = "<group>";
		};
		54D5301CE6C3043F42A40183D21E32B8 /* Pods */ = {
			isa = PBXGroup;
			children = (
				B9BAA5B6DFFD8B374A4A507DD962EFF7 /* libsamplerate */,
			);
			name = Pods;
			sourceTree = "<group>";
		};
		578452D2E740E91742655AC8F1636D1F /* iOS */ = {
			isa = PBXGroup;
			children = (
				73010CC983E3809BECEE5348DA1BB8C6 /* Foundation.framework */,
			);
			name = iOS;
			sourceTree = "<group>";
		};
		78D5E799953D893BFBBF48F47C5D5435 /* Pods-VoiceAnalyzer */ = {
			isa = PBXGroup;
			children = (
				D4A4F84CA13E43215906CFB814F91C83 /* Pods-VoiceAnalyzer.modulemap */,
				9989D2580914B8C7AB1F95DC1CF0256C /* Pods-VoiceAnalyzer-acknowledgements.markdown */,
				2F40002A3E9A86F46F56E60731D8B3BB /* Pods-VoiceAnalyzer-acknowledgements.plist */,
				98745E582282C03F1DC6C0E6978C9353 /* Pods-VoiceAnalyzer-dummy.m */,
				6E77A62E27EFC13473D983B83AF6AEDA /* Pods-VoiceAnalyzer-frameworks.sh */,
				3C728D2F0F692B3108EBD73466AFE338 /* Pods-VoiceAnalyzer-Info.plist */,
				05EBF10BB0DEC9030F1E3F5F5F7B1F9C /* Pods-VoiceAnalyzer-umbrella.h */,
				406246555EB090F8CE83F611AC09945C /* Pods-VoiceAnalyzer.app store release.xcconfig */,
				82CDDEBE1E34C60F18F55ED20FAFAA01 /* Pods-VoiceAnalyzer.debug.xcconfig */,
				6447C99A727D5020951F71582A1AABD6 /* Pods-VoiceAnalyzer.testable release.xcconfig */,
			);
			name = "Pods-VoiceAnalyzer";
			path = "Target Support Files/Pods-VoiceAnalyzer";
			sourceTree = "<group>";
		};
		8B4692578605339859B9A5A32D1B7C2A /* Products */ = {
			isa = PBXGroup;
			children = (
				EEF5F89F200FBED43D5142B116076A39 /* libsamplerate.framework */,
				816081D937AA931DDBB6FCE3C6B6871B /* Pods_VoiceAnalyzer.framework */,
			);
			name = Products;
			sourceTree = "<group>";
		};
		B0C4B2DB98E66C581AF9383A7F2EC073 /* Targets Support Files */ = {
			isa = PBXGroup;
			children = (
				78D5E799953D893BFBBF48F47C5D5435 /* Pods-VoiceAnalyzer */,
			);
			name = "Targets Support Files";
			sourceTree = "<group>";
		};
		B9BAA5B6DFFD8B374A4A507DD962EFF7 /* libsamplerate */ = {
			isa = PBXGroup;
			children = (
				46A7FFA173D8D8E5E0417C6D02247B88 /* common.h */,
				2D550546273F0A7D686D11B5D5CE1021 /* config.h */,
				97A5EE97B7D392E912BD81D2ABB4FFB4 /* fastest_coeffs.h */,
				D0B69252321C551C46595183328B075A /* float_cast.h */,
				9643237E0CC92735BF9C3F87F878A899 /* high_qual_coeffs.h */,
				5EEC9E5FD16AEA8ACF22DC28AC9CD410 /* mid_qual_coeffs.h */,
				146F3B8E8F8FC372E2F97AB1C24F2F4D /* samplerate.c */,
				8F6DF462E9499FB6A6C856B166FC6AFC /* samplerate.h */,
				B3D47ACCE5A93F19E797B7C56493E53F /* src_linear.c */,
				2C6078A9B5608AC684A9CE48A7452AB2 /* src_sinc.c */,
				A605B1DB710449D3449556732FE7A5F0 /* src_zoh.c */,
				39E1DAD3CC75B056E3E678D21ACD929D /* Support Files */,
			);
			name = libsamplerate;
			path = libsamplerate;
			sourceTree = "<group>";
		};
		CF1408CF629C7361332E53B88F7BD30C = {
			isa = PBXGroup;
			children = (
				9D940727FF8FB9C785EB98E56350EF41 /* Podfile */,
				D210D550F4EA176C3123ED886F8F87F5 /* Frameworks */,
				54D5301CE6C3043F42A40183D21E32B8 /* Pods */,
				8B4692578605339859B9A5A32D1B7C2A /* Products */,
				B0C4B2DB98E66C581AF9383A7F2EC073 /* Targets Support Files */,
			);
			sourceTree = "<group>";
		};
		D210D550F4EA176C3123ED886F8F87F5 /* Frameworks */ = {
			isa = PBXGroup;
			children = (
				578452D2E740E91742655AC8F1636D1F /* iOS */,
			);
			name = Frameworks;
			sourceTree = "<group>";
		};
/* End PBXGroup section */

/* Begin PBXHeadersBuildPhase section */
		2E15F13B3D93A6C6FEBE05304192E723 /* Headers */ = {
			isa = PBXHeadersBuildPhase;
			buildActionMask = 2147483647;
			files = (
				B5FBBE8C31A0FA8AA4A4BE7A4C5C745E /* Pods-VoiceAnalyzer-umbrella.h in Headers */,
			);
			runOnlyForDeploymentPostprocessing = 0;
		};
		E88447A94F6DAE28A2ADFD226F1C0ED3 /* Headers */ = {
			isa = PBXHeadersBuildPhase;
			buildActionMask = 2147483647;
			files = (
				B75C473839665703FBDD627D1A6DC38B /* common.h in Headers */,
				C31C6F1909CF63179D835FEA59D744E2 /* config.h in Headers */,
				51B93B2A7F2A5C49A57D2642D2A87E53 /* fastest_coeffs.h in Headers */,
				BB6327A7DC5EEAD591B6E037A35A8F39 /* float_cast.h in Headers */,
				8AFA6DE7979A897650E87501B7ACA4AC /* high_qual_coeffs.h in Headers */,
				7AF436231A9F0D30E0D0EBA88CFE7D99 /* libsamplerate-umbrella.h in Headers */,
				2A323C005B3BB6DACFBF941945EFD6D3 /* mid_qual_coeffs.h in Headers */,
				089C02C904062322F719CDFA4F74C591 /* samplerate.h in Headers */,
			);
			runOnlyForDeploymentPostprocessing = 0;
		};
/* End PBXHeadersBuildPhase section */

/* Begin PBXNativeTarget section */
		34ED5486FF721D258AC605437E39AA44 /* Pods-VoiceAnalyzer */ = {
			isa = PBXNativeTarget;
			buildConfigurationList = 876C13F62458AA35CD377BEC3056EDD8 /* Build configuration list for PBXNativeTarget "Pods-VoiceAnalyzer" */;
			buildPhases = (
				2E15F13B3D93A6C6FEBE05304192E723 /* Headers */,
				AF0D1A68E3CB988ED287FAE120B0E520 /* Sources */,
				15C08D9F5216CD59CECB51B15E0DAC1B /* Frameworks */,
				49E2C19DD81CE6F6C30827BD74DBCE69 /* Resources */,
			);
			buildRules = (
			);
			dependencies = (
				C435484D07A9E2F69104B9F6551AF682 /* PBXTargetDependency */,
			);
			name = "Pods-VoiceAnalyzer";
			productName = "Pods-VoiceAnalyzer";
			productReference = 816081D937AA931DDBB6FCE3C6B6871B /* Pods_VoiceAnalyzer.framework */;
			productType = "com.apple.product-type.framework";
		};
		75302EEA721A2F13B9FC601E246AC2E5 /* libsamplerate */ = {
			isa = PBXNativeTarget;
			buildConfigurationList = 59F85EB2C2531CE63A04AE61FA3558E7 /* Build configuration list for PBXNativeTarget "libsamplerate" */;
			buildPhases = (
				E88447A94F6DAE28A2ADFD226F1C0ED3 /* Headers */,
				788F0B6E26997B65EB53763966476D97 /* Sources */,
				FF6BEF64D092FA09A9346764CF8DE642 /* Frameworks */,
				2B3F812CE0BC6EF9F1BB785719E1707C /* Resources */,
			);
			buildRules = (
			);
			dependencies = (
			);
			name = libsamplerate;
			productName = libsamplerate;
			productReference = EEF5F89F200FBED43D5142B116076A39 /* libsamplerate.framework */;
			productType = "com.apple.product-type.framework";
		};
/* End PBXNativeTarget section */

/* Begin PBXProject section */
		BFDFE7DC352907FC980B868725387E98 /* Project object */ = {
			isa = PBXProject;
			attributes = {
				LastSwiftUpdateCheck = 1240;
				LastUpgradeCheck = 1240;
			};
			buildConfigurationList = 4821239608C13582E20E6DA73FD5F1F9 /* Build configuration list for PBXProject "Pods" */;
			compatibilityVersion = "Xcode 12.0";
			developmentRegion = en;
			hasScannedForEncodings = 0;
			knownRegions = (
				en,
				Base,
			);
			mainGroup = CF1408CF629C7361332E53B88F7BD30C;
			productRefGroup = 8B4692578605339859B9A5A32D1B7C2A /* Products */;
			projectDirPath = "";
			projectRoot = "";
			targets = (
				75302EEA721A2F13B9FC601E246AC2E5 /* libsamplerate */,
				34ED5486FF721D258AC605437E39AA44 /* Pods-VoiceAnalyzer */,
			);
		};
/* End PBXProject section */

/* Begin PBXResourcesBuildPhase section */
		2B3F812CE0BC6EF9F1BB785719E1707C /* Resources */ = {
			isa = PBXResourcesBuildPhase;
			buildActionMask = 2147483647;
			files = (
			);
			runOnlyForDeploymentPostprocessing = 0;
		};
		49E2C19DD81CE6F6C30827BD74DBCE69 /* Resources */ = {
			isa = PBXResourcesBuildPhase;
			buildActionMask = 2147483647;
			files = (
			);
			runOnlyForDeploymentPostprocessing = 0;
		};
/* End PBXResourcesBuildPhase section */

/* Begin PBXSourcesBuildPhase section */
		788F0B6E26997B65EB53763966476D97 /* Sources */ = {
			isa = PBXSourcesBuildPhase;
			buildActionMask = 2147483647;
			files = (
				648C61D7B383CA1611D415696EC522A1 /* libsamplerate-dummy.m in Sources */,
				6F0C53CAE3D10BBA267C706A12E42AE0 /* samplerate.c in Sources */,
				179FCD0BE0AE2C73523FD896F5BC7878 /* src_linear.c in Sources */,
				270CB759BBE87392695DDF9D8E519307 /* src_sinc.c in Sources */,
				4660EA088D8DD1E2B7B81CBAE8F61B40 /* src_zoh.c in Sources */,
			);
			runOnlyForDeploymentPostprocessing = 0;
		};
		AF0D1A68E3CB988ED287FAE120B0E520 /* Sources */ = {
			isa = PBXSourcesBuildPhase;
			buildActionMask = 2147483647;
			files = (
				5F2F7F67EC79959A367695849659BFF9 /* Pods-VoiceAnalyzer-dummy.m in Sources */,
			);
			runOnlyForDeploymentPostprocessing = 0;
		};
/* End PBXSourcesBuildPhase section */

/* Begin PBXTargetDependency section */
		C435484D07A9E2F69104B9F6551AF682 /* PBXTargetDependency */ = {
			isa = PBXTargetDependency;
			name = libsamplerate;
			target = 75302EEA721A2F13B9FC601E246AC2E5 /* libsamplerate */;
			targetProxy = 819331C82D0B032E18342F4AE674AEC8 /* PBXContainerItemProxy */;
		};
/* End PBXTargetDependency section */

/* Begin XCBuildConfiguration section */
		05ABE4FC93DB84CEDE1345AE4DB6A025 /* Testable Release */ = {
			isa = XCBuildConfiguration;
			baseConfigurationReference = 623EC44FB3846AF34F1D3695BD1858A2 /* libsamplerate.release.xcconfig */;
			buildSettings = {
				CLANG_ENABLE_OBJC_WEAK = NO;
				"CODE_SIGN_IDENTITY[sdk=appletvos*]" = "";
				"CODE_SIGN_IDENTITY[sdk=iphoneos*]" = "";
				"CODE_SIGN_IDENTITY[sdk=watchos*]" = "";
				CURRENT_PROJECT_VERSION = 1;
				DEFINES_MODULE = YES;
				DYLIB_COMPATIBILITY_VERSION = 1;
				DYLIB_CURRENT_VERSION = 1;
				DYLIB_INSTALL_NAME_BASE = "@rpath";
				GCC_PREFIX_HEADER = "Target Support Files/libsamplerate/libsamplerate-prefix.pch";
				INFOPLIST_FILE = "Target Support Files/libsamplerate/libsamplerate-Info.plist";
				INSTALL_PATH = "$(LOCAL_LIBRARY_DIR)/Frameworks";
				IPHONEOS_DEPLOYMENT_TARGET = 10.0;
				LD_RUNPATH_SEARCH_PATHS = (
					"$(inherited)",
					"@executable_path/Frameworks",
					"@loader_path/Frameworks",
				);
				MODULEMAP_FILE = "Target Support Files/libsamplerate/libsamplerate.modulemap";
				PRODUCT_MODULE_NAME = libsamplerate;
				PRODUCT_NAME = libsamplerate;
				SDKROOT = iphoneos;
				SKIP_INSTALL = YES;
				SWIFT_ACTIVE_COMPILATION_CONDITIONS = "$(inherited) ";
				SWIFT_VERSION = 5.0;
				TARGETED_DEVICE_FAMILY = "1,2";
				VALIDATE_PRODUCT = YES;
				VERSIONING_SYSTEM = "apple-generic";
				VERSION_INFO_PREFIX = "";
			};
			name = "Testable Release";
		};
		07CEF7FFD83942194EE24B1958368E0C /* App Store Release */ = {
			isa = XCBuildConfiguration;
			baseConfigurationReference = 406246555EB090F8CE83F611AC09945C /* Pods-VoiceAnalyzer.app store release.xcconfig */;
			buildSettings = {
				ALWAYS_EMBED_SWIFT_STANDARD_LIBRARIES = NO;
				CLANG_ENABLE_OBJC_WEAK = NO;
				"CODE_SIGN_IDENTITY[sdk=appletvos*]" = "";
				"CODE_SIGN_IDENTITY[sdk=iphoneos*]" = "";
				"CODE_SIGN_IDENTITY[sdk=watchos*]" = "";
				CURRENT_PROJECT_VERSION = 1;
				DEFINES_MODULE = YES;
				DYLIB_COMPATIBILITY_VERSION = 1;
				DYLIB_CURRENT_VERSION = 1;
				DYLIB_INSTALL_NAME_BASE = "@rpath";
				INFOPLIST_FILE = "Target Support Files/Pods-VoiceAnalyzer/Pods-VoiceAnalyzer-Info.plist";
				INSTALL_PATH = "$(LOCAL_LIBRARY_DIR)/Frameworks";
				IPHONEOS_DEPLOYMENT_TARGET = 14.1;
				LD_RUNPATH_SEARCH_PATHS = (
					"$(inherited)",
					"@executable_path/Frameworks",
					"@loader_path/Frameworks",
				);
				MACH_O_TYPE = staticlib;
				MODULEMAP_FILE = "Target Support Files/Pods-VoiceAnalyzer/Pods-VoiceAnalyzer.modulemap";
				OTHER_LDFLAGS = "";
				OTHER_LIBTOOLFLAGS = "";
				PODS_ROOT = "$(SRCROOT)";
				PRODUCT_BUNDLE_IDENTIFIER = "org.cocoapods.${PRODUCT_NAME:rfc1034identifier}";
				PRODUCT_NAME = "$(TARGET_NAME:c99extidentifier)";
				SDKROOT = iphoneos;
				SKIP_INSTALL = YES;
				TARGETED_DEVICE_FAMILY = "1,2";
				VALIDATE_PRODUCT = YES;
				VERSIONING_SYSTEM = "apple-generic";
				VERSION_INFO_PREFIX = "";
			};
			name = "App Store Release";
		};
		2F6C11F34AD27F479F49C1FD9DFBDE02 /* Debug */ = {
			isa = XCBuildConfiguration;
			baseConfigurationReference = 82CDDEBE1E34C60F18F55ED20FAFAA01 /* Pods-VoiceAnalyzer.debug.xcconfig */;
			buildSettings = {
				ALWAYS_EMBED_SWIFT_STANDARD_LIBRARIES = NO;
				CLANG_ENABLE_OBJC_WEAK = NO;
				"CODE_SIGN_IDENTITY[sdk=appletvos*]" = "";
				"CODE_SIGN_IDENTITY[sdk=iphoneos*]" = "";
				"CODE_SIGN_IDENTITY[sdk=watchos*]" = "";
				CURRENT_PROJECT_VERSION = 1;
				DEFINES_MODULE = YES;
				DYLIB_COMPATIBILITY_VERSION = 1;
				DYLIB_CURRENT_VERSION = 1;
				DYLIB_INSTALL_NAME_BASE = "@rpath";
				INFOPLIST_FILE = "Target Support Files/Pods-VoiceAnalyzer/Pods-VoiceAnalyzer-Info.plist";
				INSTALL_PATH = "$(LOCAL_LIBRARY_DIR)/Frameworks";
				IPHONEOS_DEPLOYMENT_TARGET = 14.1;
				LD_RUNPATH_SEARCH_PATHS = (
					"$(inherited)",
					"@executable_path/Frameworks",
					"@loader_path/Frameworks",
				);
				MACH_O_TYPE = staticlib;
				MODULEMAP_FILE = "Target Support Files/Pods-VoiceAnalyzer/Pods-VoiceAnalyzer.modulemap";
				OTHER_LDFLAGS = "";
				OTHER_LIBTOOLFLAGS = "";
				PODS_ROOT = "$(SRCROOT)";
				PRODUCT_BUNDLE_IDENTIFIER = "org.cocoapods.${PRODUCT_NAME:rfc1034identifier}";
				PRODUCT_NAME = "$(TARGET_NAME:c99extidentifier)";
				SDKROOT = iphoneos;
				SKIP_INSTALL = YES;
				TARGETED_DEVICE_FAMILY = "1,2";
				VERSIONING_SYSTEM = "apple-generic";
				VERSION_INFO_PREFIX = "";
			};
			name = Debug;
		};
		4B84729F4AF1EBE9061D92F82C24EDF5 /* App Store Release */ = {
			isa = XCBuildConfiguration;
			buildSettings = {
				ALWAYS_SEARCH_USER_PATHS = NO;
				CLANG_ANALYZER_LOCALIZABILITY_NONLOCALIZED = YES;
				CLANG_ANALYZER_NONNULL = YES;
				CLANG_ANALYZER_NUMBER_OBJECT_CONVERSION = YES_AGGRESSIVE;
				CLANG_CXX_LANGUAGE_STANDARD = "gnu++14";
				CLANG_CXX_LIBRARY = "libc++";
				CLANG_ENABLE_MODULES = YES;
				CLANG_ENABLE_OBJC_ARC = YES;
				CLANG_ENABLE_OBJC_WEAK = YES;
				CLANG_WARN_BLOCK_CAPTURE_AUTORELEASING = YES;
				CLANG_WARN_BOOL_CONVERSION = YES;
				CLANG_WARN_COMMA = YES;
				CLANG_WARN_CONSTANT_CONVERSION = YES;
				CLANG_WARN_DEPRECATED_OBJC_IMPLEMENTATIONS = YES;
				CLANG_WARN_DIRECT_OBJC_ISA_USAGE = YES_ERROR;
				CLANG_WARN_DOCUMENTATION_COMMENTS = YES;
				CLANG_WARN_EMPTY_BODY = YES;
				CLANG_WARN_ENUM_CONVERSION = YES;
				CLANG_WARN_INFINITE_RECURSION = YES;
				CLANG_WARN_INT_CONVERSION = YES;
				CLANG_WARN_NON_LITERAL_NULL_CONVERSION = YES;
				CLANG_WARN_OBJC_IMPLICIT_RETAIN_SELF = YES;
				CLANG_WARN_OBJC_LITERAL_CONVERSION = YES;
				CLANG_WARN_OBJC_ROOT_CLASS = YES_ERROR;
				CLANG_WARN_QUOTED_INCLUDE_IN_FRAMEWORK_HEADER = YES;
				CLANG_WARN_RANGE_LOOP_ANALYSIS = YES;
				CLANG_WARN_STRICT_PROTOTYPES = YES;
				CLANG_WARN_SUSPICIOUS_MOVE = YES;
				CLANG_WARN_UNGUARDED_AVAILABILITY = YES_AGGRESSIVE;
				CLANG_WARN_UNREACHABLE_CODE = YES;
				CLANG_WARN__DUPLICATE_METHOD_MATCH = YES;
				COPY_PHASE_STRIP = NO;
				DEBUG_INFORMATION_FORMAT = "dwarf-with-dsym";
				ENABLE_NS_ASSERTIONS = NO;
				ENABLE_STRICT_OBJC_MSGSEND = YES;
				GCC_C_LANGUAGE_STANDARD = gnu11;
				GCC_NO_COMMON_BLOCKS = YES;
				GCC_PREPROCESSOR_DEFINITIONS = (
					"POD_CONFIGURATION_APP_STORE_RELEASE=1",
					"$(inherited)",
				);
				GCC_WARN_64_TO_32_BIT_CONVERSION = YES;
				GCC_WARN_ABOUT_RETURN_TYPE = YES_ERROR;
				GCC_WARN_UNDECLARED_SELECTOR = YES;
				GCC_WARN_UNINITIALIZED_AUTOS = YES_AGGRESSIVE;
				GCC_WARN_UNUSED_FUNCTION = YES;
				GCC_WARN_UNUSED_VARIABLE = YES;
				IPHONEOS_DEPLOYMENT_TARGET = 14.1;
				MTL_ENABLE_DEBUG_INFO = NO;
				MTL_FAST_MATH = YES;
				PRODUCT_NAME = "$(TARGET_NAME)";
				STRIP_INSTALLED_PRODUCT = NO;
				SWIFT_COMPILATION_MODE = wholemodule;
				SWIFT_OPTIMIZATION_LEVEL = "-O";
				SWIFT_VERSION = 5.0;
				SYMROOT = "${SRCROOT}/../build";
			};
			name = "App Store Release";
		};
		593F10BFFA94DAC7D6E17FB8A7F32D72 /* Release */ = {
			isa = XCBuildConfiguration;
			buildSettings = {
				ALWAYS_SEARCH_USER_PATHS = NO;
				CLANG_ANALYZER_LOCALIZABILITY_NONLOCALIZED = YES;
				CLANG_ANALYZER_NONNULL = YES;
				CLANG_ANALYZER_NUMBER_OBJECT_CONVERSION = YES_AGGRESSIVE;
				CLANG_CXX_LANGUAGE_STANDARD = "gnu++14";
				CLANG_CXX_LIBRARY = "libc++";
				CLANG_ENABLE_MODULES = YES;
				CLANG_ENABLE_OBJC_ARC = YES;
				CLANG_ENABLE_OBJC_WEAK = YES;
				CLANG_WARN_BLOCK_CAPTURE_AUTORELEASING = YES;
				CLANG_WARN_BOOL_CONVERSION = YES;
				CLANG_WARN_COMMA = YES;
				CLANG_WARN_CONSTANT_CONVERSION = YES;
				CLANG_WARN_DEPRECATED_OBJC_IMPLEMENTATIONS = YES;
				CLANG_WARN_DIRECT_OBJC_ISA_USAGE = YES_ERROR;
				CLANG_WARN_DOCUMENTATION_COMMENTS = YES;
				CLANG_WARN_EMPTY_BODY = YES;
				CLANG_WARN_ENUM_CONVERSION = YES;
				CLANG_WARN_INFINITE_RECURSION = YES;
				CLANG_WARN_INT_CONVERSION = YES;
				CLANG_WARN_NON_LITERAL_NULL_CONVERSION = YES;
				CLANG_WARN_OBJC_IMPLICIT_RETAIN_SELF = YES;
				CLANG_WARN_OBJC_LITERAL_CONVERSION = YES;
				CLANG_WARN_OBJC_ROOT_CLASS = YES_ERROR;
				CLANG_WARN_QUOTED_INCLUDE_IN_FRAMEWORK_HEADER = YES;
				CLANG_WARN_RANGE_LOOP_ANALYSIS = YES;
				CLANG_WARN_STRICT_PROTOTYPES = YES;
				CLANG_WARN_SUSPICIOUS_MOVE = YES;
				CLANG_WARN_UNGUARDED_AVAILABILITY = YES_AGGRESSIVE;
				CLANG_WARN_UNREACHABLE_CODE = YES;
				CLANG_WARN__DUPLICATE_METHOD_MATCH = YES;
				COPY_PHASE_STRIP = NO;
				DEBUG_INFORMATION_FORMAT = "dwarf-with-dsym";
				ENABLE_NS_ASSERTIONS = NO;
				ENABLE_STRICT_OBJC_MSGSEND = YES;
				GCC_C_LANGUAGE_STANDARD = gnu11;
				GCC_NO_COMMON_BLOCKS = YES;
				GCC_PREPROCESSOR_DEFINITIONS = (
					"POD_CONFIGURATION_RELEASE=1",
					"$(inherited)",
				);
				GCC_WARN_64_TO_32_BIT_CONVERSION = YES;
				GCC_WARN_ABOUT_RETURN_TYPE = YES_ERROR;
				GCC_WARN_UNDECLARED_SELECTOR = YES;
				GCC_WARN_UNINITIALIZED_AUTOS = YES_AGGRESSIVE;
				GCC_WARN_UNUSED_FUNCTION = YES;
				GCC_WARN_UNUSED_VARIABLE = YES;
				IPHONEOS_DEPLOYMENT_TARGET = 14.1;
				MTL_ENABLE_DEBUG_INFO = NO;
				MTL_FAST_MATH = YES;
				PRODUCT_NAME = "$(TARGET_NAME)";
				STRIP_INSTALLED_PRODUCT = NO;
				SWIFT_COMPILATION_MODE = wholemodule;
				SWIFT_OPTIMIZATION_LEVEL = "-O";
				SWIFT_VERSION = 5.0;
				SYMROOT = "${SRCROOT}/../build";
			};
			name = Release;
		};
		5DCA7402534E7D93A0057704A71C19A3 /* Testable Release */ = {
			isa = XCBuildConfiguration;
			baseConfigurationReference = 6447C99A727D5020951F71582A1AABD6 /* Pods-VoiceAnalyzer.testable release.xcconfig */;
			buildSettings = {
				ALWAYS_EMBED_SWIFT_STANDARD_LIBRARIES = NO;
				CLANG_ENABLE_OBJC_WEAK = NO;
				"CODE_SIGN_IDENTITY[sdk=appletvos*]" = "";
				"CODE_SIGN_IDENTITY[sdk=iphoneos*]" = "";
				"CODE_SIGN_IDENTITY[sdk=watchos*]" = "";
				CURRENT_PROJECT_VERSION = 1;
				DEFINES_MODULE = YES;
				DYLIB_COMPATIBILITY_VERSION = 1;
				DYLIB_CURRENT_VERSION = 1;
				DYLIB_INSTALL_NAME_BASE = "@rpath";
				INFOPLIST_FILE = "Target Support Files/Pods-VoiceAnalyzer/Pods-VoiceAnalyzer-Info.plist";
				INSTALL_PATH = "$(LOCAL_LIBRARY_DIR)/Frameworks";
				IPHONEOS_DEPLOYMENT_TARGET = 14.1;
				LD_RUNPATH_SEARCH_PATHS = (
					"$(inherited)",
					"@executable_path/Frameworks",
					"@loader_path/Frameworks",
				);
				MACH_O_TYPE = staticlib;
				MODULEMAP_FILE = "Target Support Files/Pods-VoiceAnalyzer/Pods-VoiceAnalyzer.modulemap";
				OTHER_LDFLAGS = "";
				OTHER_LIBTOOLFLAGS = "";
				PODS_ROOT = "$(SRCROOT)";
				PRODUCT_BUNDLE_IDENTIFIER = "org.cocoapods.${PRODUCT_NAME:rfc1034identifier}";
				PRODUCT_NAME = "$(TARGET_NAME:c99extidentifier)";
				SDKROOT = iphoneos;
				SKIP_INSTALL = YES;
				TARGETED_DEVICE_FAMILY = "1,2";
				VALIDATE_PRODUCT = YES;
				VERSIONING_SYSTEM = "apple-generic";
				VERSION_INFO_PREFIX = "";
			};
			name = "Testable Release";
		};
		8164778B3423F02C7CE35734625531DE /* Debug */ = {
			isa = XCBuildConfiguration;
			baseConfigurationReference = 688655F2923C1635DF478A18D3163FB0 /* libsamplerate.debug.xcconfig */;
			buildSettings = {
				CLANG_ENABLE_OBJC_WEAK = NO;
				"CODE_SIGN_IDENTITY[sdk=appletvos*]" = "";
				"CODE_SIGN_IDENTITY[sdk=iphoneos*]" = "";
				"CODE_SIGN_IDENTITY[sdk=watchos*]" = "";
				CURRENT_PROJECT_VERSION = 1;
				DEFINES_MODULE = YES;
				DYLIB_COMPATIBILITY_VERSION = 1;
				DYLIB_CURRENT_VERSION = 1;
				DYLIB_INSTALL_NAME_BASE = "@rpath";
				GCC_PREFIX_HEADER = "Target Support Files/libsamplerate/libsamplerate-prefix.pch";
				INFOPLIST_FILE = "Target Support Files/libsamplerate/libsamplerate-Info.plist";
				INSTALL_PATH = "$(LOCAL_LIBRARY_DIR)/Frameworks";
				IPHONEOS_DEPLOYMENT_TARGET = 10.0;
				LD_RUNPATH_SEARCH_PATHS = (
					"$(inherited)",
					"@executable_path/Frameworks",
					"@loader_path/Frameworks",
				);
				MODULEMAP_FILE = "Target Support Files/libsamplerate/libsamplerate.modulemap";
				PRODUCT_MODULE_NAME = libsamplerate;
				PRODUCT_NAME = libsamplerate;
				SDKROOT = iphoneos;
				SKIP_INSTALL = YES;
				SWIFT_ACTIVE_COMPILATION_CONDITIONS = "$(inherited) ";
				SWIFT_VERSION = 5.0;
				TARGETED_DEVICE_FAMILY = "1,2";
				VERSIONING_SYSTEM = "apple-generic";
				VERSION_INFO_PREFIX = "";
			};
			name = Debug;
		};
		87674727114C750933830D2B3BEB57A5 /* Release */ = {
			isa = XCBuildConfiguration;
			buildSettings = {
				ALWAYS_EMBED_SWIFT_STANDARD_LIBRARIES = NO;
				CLANG_ENABLE_OBJC_WEAK = NO;
				"CODE_SIGN_IDENTITY[sdk=appletvos*]" = "";
				"CODE_SIGN_IDENTITY[sdk=iphoneos*]" = "";
				"CODE_SIGN_IDENTITY[sdk=watchos*]" = "";
				CURRENT_PROJECT_VERSION = 1;
				DEFINES_MODULE = YES;
				DYLIB_COMPATIBILITY_VERSION = 1;
				DYLIB_CURRENT_VERSION = 1;
				DYLIB_INSTALL_NAME_BASE = "@rpath";
				INFOPLIST_FILE = "Target Support Files/Pods-VoiceAnalyzer/Pods-VoiceAnalyzer-Info.plist";
				INSTALL_PATH = "$(LOCAL_LIBRARY_DIR)/Frameworks";
				IPHONEOS_DEPLOYMENT_TARGET = 14.1;
				LD_RUNPATH_SEARCH_PATHS = (
					"$(inherited)",
					"@executable_path/Frameworks",
					"@loader_path/Frameworks",
				);
				MACH_O_TYPE = staticlib;
				MODULEMAP_FILE = "Target Support Files/Pods-VoiceAnalyzer/Pods-VoiceAnalyzer.modulemap";
				OTHER_LDFLAGS = "";
				OTHER_LIBTOOLFLAGS = "";
				PODS_ROOT = "$(SRCROOT)";
				PRODUCT_BUNDLE_IDENTIFIER = "org.cocoapods.${PRODUCT_NAME:rfc1034identifier}";
				PRODUCT_NAME = "$(TARGET_NAME:c99extidentifier)";
				SDKROOT = iphoneos;
				SKIP_INSTALL = YES;
				TARGETED_DEVICE_FAMILY = "1,2";
				VALIDATE_PRODUCT = YES;
				VERSIONING_SYSTEM = "apple-generic";
				VERSION_INFO_PREFIX = "";
			};
			name = Release;
		};
		8F9C0AF0E79305143216C61BB03F9D93 /* Testable Release */ = {
			isa = XCBuildConfiguration;
			buildSettings = {
				ALWAYS_SEARCH_USER_PATHS = NO;
				CLANG_ANALYZER_LOCALIZABILITY_NONLOCALIZED = YES;
				CLANG_ANALYZER_NONNULL = YES;
				CLANG_ANALYZER_NUMBER_OBJECT_CONVERSION = YES_AGGRESSIVE;
				CLANG_CXX_LANGUAGE_STANDARD = "gnu++14";
				CLANG_CXX_LIBRARY = "libc++";
				CLANG_ENABLE_MODULES = YES;
				CLANG_ENABLE_OBJC_ARC = YES;
				CLANG_ENABLE_OBJC_WEAK = YES;
				CLANG_WARN_BLOCK_CAPTURE_AUTORELEASING = YES;
				CLANG_WARN_BOOL_CONVERSION = YES;
				CLANG_WARN_COMMA = YES;
				CLANG_WARN_CONSTANT_CONVERSION = YES;
				CLANG_WARN_DEPRECATED_OBJC_IMPLEMENTATIONS = YES;
				CLANG_WARN_DIRECT_OBJC_ISA_USAGE = YES_ERROR;
				CLANG_WARN_DOCUMENTATION_COMMENTS = YES;
				CLANG_WARN_EMPTY_BODY = YES;
				CLANG_WARN_ENUM_CONVERSION = YES;
				CLANG_WARN_INFINITE_RECURSION = YES;
				CLANG_WARN_INT_CONVERSION = YES;
				CLANG_WARN_NON_LITERAL_NULL_CONVERSION = YES;
				CLANG_WARN_OBJC_IMPLICIT_RETAIN_SELF = YES;
				CLANG_WARN_OBJC_LITERAL_CONVERSION = YES;
				CLANG_WARN_OBJC_ROOT_CLASS = YES_ERROR;
				CLANG_WARN_QUOTED_INCLUDE_IN_FRAMEWORK_HEADER = YES;
				CLANG_WARN_RANGE_LOOP_ANALYSIS = YES;
				CLANG_WARN_STRICT_PROTOTYPES = YES;
				CLANG_WARN_SUSPICIOUS_MOVE = YES;
				CLANG_WARN_UNGUARDED_AVAILABILITY = YES_AGGRESSIVE;
				CLANG_WARN_UNREACHABLE_CODE = YES;
				CLANG_WARN__DUPLICATE_METHOD_MATCH = YES;
				COPY_PHASE_STRIP = NO;
				DEBUG_INFORMATION_FORMAT = "dwarf-with-dsym";
				ENABLE_NS_ASSERTIONS = NO;
				ENABLE_STRICT_OBJC_MSGSEND = YES;
				GCC_C_LANGUAGE_STANDARD = gnu11;
				GCC_NO_COMMON_BLOCKS = YES;
				GCC_PREPROCESSOR_DEFINITIONS = (
					"POD_CONFIGURATION_TESTABLE_RELEASE=1",
					"$(inherited)",
				);
				GCC_WARN_64_TO_32_BIT_CONVERSION = YES;
				GCC_WARN_ABOUT_RETURN_TYPE = YES_ERROR;
				GCC_WARN_UNDECLARED_SELECTOR = YES;
				GCC_WARN_UNINITIALIZED_AUTOS = YES_AGGRESSIVE;
				GCC_WARN_UNUSED_FUNCTION = YES;
				GCC_WARN_UNUSED_VARIABLE = YES;
				IPHONEOS_DEPLOYMENT_TARGET = 14.1;
				MTL_ENABLE_DEBUG_INFO = NO;
				MTL_FAST_MATH = YES;
				PRODUCT_NAME = "$(TARGET_NAME)";
				STRIP_INSTALLED_PRODUCT = NO;
				SWIFT_COMPILATION_MODE = wholemodule;
				SWIFT_OPTIMIZATION_LEVEL = "-O";
				SWIFT_VERSION = 5.0;
				SYMROOT = "${SRCROOT}/../build";
			};
			name = "Testable Release";
		};
		A0374B8CF9A7D6A45F6D116D698D1C19 /* Debug */ = {
			isa = XCBuildConfiguration;
			buildSettings = {
				ALWAYS_SEARCH_USER_PATHS = NO;
				CLANG_ANALYZER_LOCALIZABILITY_NONLOCALIZED = YES;
				CLANG_ANALYZER_NONNULL = YES;
				CLANG_ANALYZER_NUMBER_OBJECT_CONVERSION = YES_AGGRESSIVE;
				CLANG_CXX_LANGUAGE_STANDARD = "gnu++14";
				CLANG_CXX_LIBRARY = "libc++";
				CLANG_ENABLE_MODULES = YES;
				CLANG_ENABLE_OBJC_ARC = YES;
				CLANG_ENABLE_OBJC_WEAK = YES;
				CLANG_WARN_BLOCK_CAPTURE_AUTORELEASING = YES;
				CLANG_WARN_BOOL_CONVERSION = YES;
				CLANG_WARN_COMMA = YES;
				CLANG_WARN_CONSTANT_CONVERSION = YES;
				CLANG_WARN_DEPRECATED_OBJC_IMPLEMENTATIONS = YES;
				CLANG_WARN_DIRECT_OBJC_ISA_USAGE = YES_ERROR;
				CLANG_WARN_DOCUMENTATION_COMMENTS = YES;
				CLANG_WARN_EMPTY_BODY = YES;
				CLANG_WARN_ENUM_CONVERSION = YES;
				CLANG_WARN_INFINITE_RECURSION = YES;
				CLANG_WARN_INT_CONVERSION = YES;
				CLANG_WARN_NON_LITERAL_NULL_CONVERSION = YES;
				CLANG_WARN_OBJC_IMPLICIT_RETAIN_SELF = YES;
				CLANG_WARN_OBJC_LITERAL_CONVERSION = YES;
				CLANG_WARN_OBJC_ROOT_CLASS = YES_ERROR;
				CLANG_WARN_QUOTED_INCLUDE_IN_FRAMEWORK_HEADER = YES;
				CLANG_WARN_RANGE_LOOP_ANALYSIS = YES;
				CLANG_WARN_STRICT_PROTOTYPES = YES;
				CLANG_WARN_SUSPICIOUS_MOVE = YES;
				CLANG_WARN_UNGUARDED_AVAILABILITY = YES_AGGRESSIVE;
				CLANG_WARN_UNREACHABLE_CODE = YES;
				CLANG_WARN__DUPLICATE_METHOD_MATCH = YES;
				COPY_PHASE_STRIP = NO;
				DEBUG_INFORMATION_FORMAT = dwarf;
				ENABLE_STRICT_OBJC_MSGSEND = YES;
				ENABLE_TESTABILITY = YES;
				GCC_C_LANGUAGE_STANDARD = gnu11;
				GCC_DYNAMIC_NO_PIC = NO;
				GCC_NO_COMMON_BLOCKS = YES;
				GCC_OPTIMIZATION_LEVEL = 0;
				GCC_PREPROCESSOR_DEFINITIONS = (
					"POD_CONFIGURATION_DEBUG=1",
					"DEBUG=1",
					"$(inherited)",
				);
				GCC_WARN_64_TO_32_BIT_CONVERSION = YES;
				GCC_WARN_ABOUT_RETURN_TYPE = YES_ERROR;
				GCC_WARN_UNDECLARED_SELECTOR = YES;
				GCC_WARN_UNINITIALIZED_AUTOS = YES_AGGRESSIVE;
				GCC_WARN_UNUSED_FUNCTION = YES;
				GCC_WARN_UNUSED_VARIABLE = YES;
				IPHONEOS_DEPLOYMENT_TARGET = 14.1;
				MTL_ENABLE_DEBUG_INFO = INCLUDE_SOURCE;
				MTL_FAST_MATH = YES;
				ONLY_ACTIVE_ARCH = YES;
				PRODUCT_NAME = "$(TARGET_NAME)";
				STRIP_INSTALLED_PRODUCT = NO;
				SWIFT_ACTIVE_COMPILATION_CONDITIONS = DEBUG;
				SWIFT_OPTIMIZATION_LEVEL = "-Onone";
				SWIFT_VERSION = 5.0;
				SYMROOT = "${SRCROOT}/../build";
			};
			name = Debug;
		};
		D43AED088155F47AC970577E4F24B293 /* App Store Release */ = {
			isa = XCBuildConfiguration;
			baseConfigurationReference = 623EC44FB3846AF34F1D3695BD1858A2 /* libsamplerate.release.xcconfig */;
			buildSettings = {
				CLANG_ENABLE_OBJC_WEAK = NO;
				"CODE_SIGN_IDENTITY[sdk=appletvos*]" = "";
				"CODE_SIGN_IDENTITY[sdk=iphoneos*]" = "";
				"CODE_SIGN_IDENTITY[sdk=watchos*]" = "";
				CURRENT_PROJECT_VERSION = 1;
				DEFINES_MODULE = YES;
				DYLIB_COMPATIBILITY_VERSION = 1;
				DYLIB_CURRENT_VERSION = 1;
				DYLIB_INSTALL_NAME_BASE = "@rpath";
				GCC_PREFIX_HEADER = "Target Support Files/libsamplerate/libsamplerate-prefix.pch";
				INFOPLIST_FILE = "Target Support Files/libsamplerate/libsamplerate-Info.plist";
				INSTALL_PATH = "$(LOCAL_LIBRARY_DIR)/Frameworks";
				IPHONEOS_DEPLOYMENT_TARGET = 10.0;
				LD_RUNPATH_SEARCH_PATHS = (
					"$(inherited)",
					"@executable_path/Frameworks",
					"@loader_path/Frameworks",
				);
				MODULEMAP_FILE = "Target Support Files/libsamplerate/libsamplerate.modulemap";
				PRODUCT_MODULE_NAME = libsamplerate;
				PRODUCT_NAME = libsamplerate;
				SDKROOT = iphoneos;
				SKIP_INSTALL = YES;
				SWIFT_ACTIVE_COMPILATION_CONDITIONS = "$(inherited) ";
				SWIFT_VERSION = 5.0;
				TARGETED_DEVICE_FAMILY = "1,2";
				VALIDATE_PRODUCT = YES;
				VERSIONING_SYSTEM = "apple-generic";
				VERSION_INFO_PREFIX = "";
			};
			name = "App Store Release";
		};
		E8F8ECF6CF1041E2FE33A68C527439D5 /* Release */ = {
			isa = XCBuildConfiguration;
			buildSettings = {
				CLANG_ENABLE_OBJC_WEAK = NO;
				"CODE_SIGN_IDENTITY[sdk=appletvos*]" = "";
				"CODE_SIGN_IDENTITY[sdk=iphoneos*]" = "";
				"CODE_SIGN_IDENTITY[sdk=watchos*]" = "";
				CURRENT_PROJECT_VERSION = 1;
				DEFINES_MODULE = YES;
				DYLIB_COMPATIBILITY_VERSION = 1;
				DYLIB_CURRENT_VERSION = 1;
				DYLIB_INSTALL_NAME_BASE = "@rpath";
				GCC_PREFIX_HEADER = "Target Support Files/libsamplerate/libsamplerate-prefix.pch";
				INFOPLIST_FILE = "Target Support Files/libsamplerate/libsamplerate-Info.plist";
				INSTALL_PATH = "$(LOCAL_LIBRARY_DIR)/Frameworks";
				IPHONEOS_DEPLOYMENT_TARGET = 10.0;
				LD_RUNPATH_SEARCH_PATHS = (
					"$(inherited)",
					"@executable_path/Frameworks",
					"@loader_path/Frameworks",
				);
				MODULEMAP_FILE = "Target Support Files/libsamplerate/libsamplerate.modulemap";
				PRODUCT_MODULE_NAME = libsamplerate;
				PRODUCT_NAME = libsamplerate;
				SDKROOT = iphoneos;
				SKIP_INSTALL = YES;
				SWIFT_ACTIVE_COMPILATION_CONDITIONS = "$(inherited) ";
				SWIFT_VERSION = 5.0;
				TARGETED_DEVICE_FAMILY = "1,2";
				VALIDATE_PRODUCT = YES;
				VERSIONING_SYSTEM = "apple-generic";
				VERSION_INFO_PREFIX = "";
			};
			name = Release;
		};
/* End XCBuildConfiguration section */

/* Begin XCConfigurationList section */
		4821239608C13582E20E6DA73FD5F1F9 /* Build configuration list for PBXProject "Pods" */ = {
			isa = XCConfigurationList;
			buildConfigurations = (
				4B84729F4AF1EBE9061D92F82C24EDF5 /* App Store Release */,
				A0374B8CF9A7D6A45F6D116D698D1C19 /* Debug */,
				593F10BFFA94DAC7D6E17FB8A7F32D72 /* Release */,
				8F9C0AF0E79305143216C61BB03F9D93 /* Testable Release */,
			);
			defaultConfigurationIsVisible = 0;
			defaultConfigurationName = Release;
		};
		59F85EB2C2531CE63A04AE61FA3558E7 /* Build configuration list for PBXNativeTarget "libsamplerate" */ = {
			isa = XCConfigurationList;
			buildConfigurations = (
				D43AED088155F47AC970577E4F24B293 /* App Store Release */,
				8164778B3423F02C7CE35734625531DE /* Debug */,
				E8F8ECF6CF1041E2FE33A68C527439D5 /* Release */,
				05ABE4FC93DB84CEDE1345AE4DB6A025 /* Testable Release */,
			);
			defaultConfigurationIsVisible = 0;
			defaultConfigurationName = Release;
		};
		876C13F62458AA35CD377BEC3056EDD8 /* Build configuration list for PBXNativeTarget "Pods-VoiceAnalyzer" */ = {
			isa = XCConfigurationList;
			buildConfigurations = (
				07CEF7FFD83942194EE24B1958368E0C /* App Store Release */,
				2F6C11F34AD27F479F49C1FD9DFBDE02 /* Debug */,
				87674727114C750933830D2B3BEB57A5 /* Release */,
				5DCA7402534E7D93A0057704A71C19A3 /* Testable Release */,
			);
			defaultConfigurationIsVisible = 0;
			defaultConfigurationName = Release;
		};
/* End XCConfigurationList section */
	};
	rootObject = BFDFE7DC352907FC980B868725387E98 /* Project object */;
}
